
Microsoft Visual Studio Solution File, Format Version 12.00
# Visual Studio Version 17
VisualStudioVersion = 17.7.34024.191
MinimumVisualStudioVersion = 10.0.40219.1
Project("{8BC9CEB8-8B4A-11D0-8D11-00A0C91BC942}") = "PongGame", "PongGame\PongGame.vcxproj", "{2CAA7BE9-8000-457B-A500-2C5550A10CDB}"
EndProject
Project("{8BC9CEB8-8B4A-11D0-8D11-00A0C91BC942}") = "PongEngine", "PongEngine\PongEngine.vcxproj", "{A0D73EFE-0A3E-471C-A364-0D7A9FC1CECC}"
EndProject
Global
	GlobalSection(SolutionConfigurationPlatforms) = preSolution
		Debug|x64 = Debug|x64
		Release|x64 = Release|x64
	EndGlobalSection
	GlobalSection(ProjectConfigurationPlatforms) = postSolution
		{2CAA7BE9-8000-457B-A500-2C5550A10CDB}.Debug|x64.ActiveCfg = Debug|x64
		{2CAA7BE9-8000-457B-A500-2C5550A10CDB}.Debug|x64.Build.0 = Debug|x64
		{2CAA7BE9-8000-457B-A500-2C5550A10CDB}.Release|x64.ActiveCfg = Release|x64
		{2CAA7BE9-8000-457B-A500-2C5550A10CDB}.Release|x64.Build.0 = Release|x64
		{A0D73EFE-0A3E-471C-A364-0D7A9FC1CECC}.Debug|x64.ActiveCfg = Debug|x64
		{A0D73EFE-0A3E-471C-A364-0D7A9FC1CECC}.Debug|x64.Build.0 = Debug|x64
		{A0D73EFE-0A3E-471C-A364-0D7A9FC1CECC}.Release|x64.ActiveCfg = Release|x64
		{A0D73EFE-0A3E-471C-A364-0D7A9FC1CECC}.Release|x64.Build.0 = Release|x64
	EndGlobalSection
	GlobalSection(SolutionProperties) = preSolution
		HideSolutionNode = FALSE
	EndGlobalSection
	GlobalSection(ExtensibilityGlobals) = postSolution
		SolutionGuid = {B300E774-6D1B-47B1-9AD7-C4663D642FC8}
	EndGlobalSection
EndGlobal
